<?xml version="1.0" encoding="utf-8"?>
<Project ToolsVersion="4.0" xmlns="http://schemas.microsoft.com/developer/msbuild/2003">
  <ItemGroup>
    <Filter Include="include">
      <UniqueIdentifier>{edfbd12e-4ee6-467b-934e-d8b601656e83}</UniqueIdentifier>
      <Extensions>h;hpp;hxx;hm;inl</Extensions>
    </Filter>
    <Filter Include="source">
      <UniqueIdentifier>{395c42a6-0ad9-4ce4-bcf4-68699a777cea}</UniqueIdentifier>
      <Extensions>cpp;c;cxx;rc;def;r;odl;idl;hpj;bat</Extensions>
    </Filter>
  </ItemGroup>
  <ItemGroup>
    <ClInclude Include="..\..\include\Acceptor.h">
      <Filter>include</Filter>
    </ClInclude>
    <ClInclude Include="..\..\include\AnalysisSources.h">
      <Filter>include</Filter>
    </ClInclude>
    <ClInclude Include="..\..\include\AndAcceptor.h">
      <Filter>include</Filter>
    </ClInclude>
    <ClInclude Include="..\..\include\AreaTools.h">
      <Filter>include</Filter>
    </ClInclude>
    <ClInclude Include="..\..\include\BasicDictionary.h">
      <Filter>include</Filter>
    </ClInclude>
    <ClInclude Include="..\..\include\Calculator.h">
      <Filter>include</Filter>
    </ClInclude>
    <ClInclude Include="..\..\include\CalculatorFactory.h">
      <Filter>include</Filter>
    </ClInclude>
    <ClInclude Include="..\..\include\ChangeCalculator.h">
      <Filter>include</Filter>
    </ClInclude>
    <ClInclude Include="..\..\include\ClimatologyTools.h">
      <Filter>include</Filter>
    </ClInclude>
    <ClInclude Include="..\..\include\CloudinessForecast.h">
      <Filter>include</Filter>
    </ClInclude>
    <ClInclude Include="..\..\include\CloudinessStory.h">
      <Filter>include</Filter>
    </ClInclude>
    <ClInclude Include="..\..\include\CloudinessStoryTools.h">
      <Filter>include</Filter>
    </ClInclude>
    <ClInclude Include="..\..\include\CoastMaskSource.h">
      <Filter>include</Filter>
    </ClInclude>
    <ClInclude Include="..\..\include\ComparativeAcceptor.h">
      <Filter>include</Filter>
    </ClInclude>
    <ClInclude Include="..\..\include\Config.h">
      <Filter>include</Filter>
    </ClInclude>
    <ClInclude Include="..\..\include\CountCalculator.h">
      <Filter>include</Filter>
    </ClInclude>
    <ClInclude Include="..\..\include\CssTextFormatter.h">
      <Filter>include</Filter>
    </ClInclude>
    <ClInclude Include="..\..\include\DebugDictionary.h">
      <Filter>include</Filter>
    </ClInclude>
    <ClInclude Include="..\..\include\DebugTextFormatter.h">
      <Filter>include</Filter>
    </ClInclude>
    <ClInclude Include="..\..\include\DefaultAcceptor.h">
      <Filter>include</Filter>
    </ClInclude>
    <ClInclude Include="..\..\include\Delimiter.h">
      <Filter>include</Filter>
    </ClInclude>
    <ClInclude Include="..\..\include\DewPointStory.h">
      <Filter>include</Filter>
    </ClInclude>
    <ClInclude Include="..\..\include\Dictionary.h">
      <Filter>include</Filter>
    </ClInclude>
    <ClInclude Include="..\..\include\DictionaryFactory.h">
      <Filter>include</Filter>
    </ClInclude>
    <ClInclude Include="..\..\include\Document.h">
      <Filter>include</Filter>
    </ClInclude>
    <ClInclude Include="..\..\include\EasternMaskSource.h">
      <Filter>include</Filter>
    </ClInclude>
    <ClInclude Include="..\..\include\FileDictionary.h">
      <Filter>include</Filter>
    </ClInclude>
    <ClInclude Include="..\..\include\FireWarnings.h">
      <Filter>include</Filter>
    </ClInclude>
    <ClInclude Include="..\..\include\FogForecast.h">
      <Filter>include</Filter>
    </ClInclude>
    <ClInclude Include="..\..\include\ForestStory.h">
      <Filter>include</Filter>
    </ClInclude>
    <ClInclude Include="..\..\include\FrostStory.h">
      <Filter>include</Filter>
    </ClInclude>
    <ClInclude Include="..\..\include\FrostStoryTools.h">
      <Filter>include</Filter>
    </ClInclude>
    <ClInclude Include="..\..\include\FunctionAnalyzer.h">
      <Filter>include</Filter>
    </ClInclude>
    <ClInclude Include="..\..\include\Glyph.h">
      <Filter>include</Filter>
    </ClInclude>
    <ClInclude Include="..\..\include\GlyphContainer.h">
      <Filter>include</Filter>
    </ClInclude>
    <ClInclude Include="..\..\include\GridClimatology.h">
      <Filter>include</Filter>
    </ClInclude>
    <ClInclude Include="..\..\include\GridForecaster.h">
      <Filter>include</Filter>
    </ClInclude>
    <ClInclude Include="..\..\include\Header.h">
      <Filter>include</Filter>
    </ClInclude>
    <ClInclude Include="..\..\include\HeaderFactory.h">
      <Filter>include</Filter>
    </ClInclude>
    <ClInclude Include="..\..\include\HourPeriodGenerator.h">
      <Filter>include</Filter>
    </ClInclude>
    <ClInclude Include="..\..\include\HtmlTextFormatter.h">
      <Filter>include</Filter>
    </ClInclude>
    <ClInclude Include="..\..\include\IdGenerator.h">
      <Filter>include</Filter>
    </ClInclude>
    <ClInclude Include="..\..\include\InlandMaskSource.h">
      <Filter>include</Filter>
    </ClInclude>
    <ClInclude Include="..\..\include\Integer.h">
      <Filter>include</Filter>
    </ClInclude>
    <ClInclude Include="..\..\include\IntegerRange.h">
      <Filter>include</Filter>
    </ClInclude>
    <ClInclude Include="..\..\include\IntervalPeriodGenerator.h">
      <Filter>include</Filter>
    </ClInclude>
    <ClInclude Include="..\..\include\LandMaskSource.h">
      <Filter>include</Filter>
    </ClInclude>
    <ClInclude Include="..\..\include\LatestWeatherSource.h">
      <Filter>include</Filter>
    </ClInclude>
    <ClInclude Include="..\..\include\ListedPeriodGenerator.h">
      <Filter>include</Filter>
    </ClInclude>
    <ClInclude Include="..\..\include\LocationPhrase.h">
      <Filter>include</Filter>
    </ClInclude>
    <ClInclude Include="..\..\include\LocationSource.h">
      <Filter>include</Filter>
    </ClInclude>
    <ClInclude Include="..\..\include\MaskSource.h">
      <Filter>include</Filter>
    </ClInclude>
    <ClInclude Include="..\..\include\MathTools.h">
      <Filter>include</Filter>
    </ClInclude>
    <ClInclude Include="..\..\include\MaximumCalculator.h">
      <Filter>include</Filter>
    </ClInclude>
    <ClInclude Include="..\..\include\MeanCalculator.h">
      <Filter>include</Filter>
    </ClInclude>
    <ClInclude Include="..\..\include\MedianCalculator.h">
      <Filter>include</Filter>
    </ClInclude>
    <ClInclude Include="..\..\include\MessageLogger.h">
      <Filter>include</Filter>
    </ClInclude>
    <ClInclude Include="..\..\include\MessageLoggerStream.h">
      <Filter>include</Filter>
    </ClInclude>
    <ClInclude Include="..\..\include\MinimumCalculator.h">
      <Filter>include</Filter>
    </ClInclude>
    <ClInclude Include="..\..\include\ModChangeCalculator.h">
      <Filter>include</Filter>
    </ClInclude>
    <ClInclude Include="..\..\include\ModMeanCalculator.h">
      <Filter>include</Filter>
    </ClInclude>
    <ClInclude Include="..\..\include\ModStandardDeviationCalculator.h">
      <Filter>include</Filter>
    </ClInclude>
    <ClInclude Include="..\..\include\ModTrendCalculator.h">
      <Filter>include</Filter>
    </ClInclude>
    <ClInclude Include="..\..\include\ModuloParameterAnalyzer.h">
      <Filter>include</Filter>
    </ClInclude>
    <ClInclude Include="..\..\include\MorningAndEveningPeriodGenerator.h">
      <Filter>include</Filter>
    </ClInclude>
    <ClInclude Include="..\..\include\MySQLDictionaries.h">
      <Filter>include</Filter>
    </ClInclude>
    <ClInclude Include="..\..\include\MySQLDictionary.h">
      <Filter>include</Filter>
    </ClInclude>
    <ClInclude Include="..\..\include\NightAndDayPeriodGenerator.h">
      <Filter>include</Filter>
    </ClInclude>
    <ClInclude Include="..\..\include\NorthernMaskSource.h">
      <Filter>include</Filter>
    </ClInclude>
    <ClInclude Include="..\..\include\NullAcceptor.h">
      <Filter>include</Filter>
    </ClInclude>
    <ClInclude Include="..\..\include\NullCalculator.h">
      <Filter>include</Filter>
    </ClInclude>
    <ClInclude Include="..\..\include\NullDictionary.h">
      <Filter>include</Filter>
    </ClInclude>
    <ClInclude Include="..\..\include\NullMaskSource.h">
      <Filter>include</Filter>
    </ClInclude>
    <ClInclude Include="..\..\include\NullPeriodGenerator.h">
      <Filter>include</Filter>
    </ClInclude>
    <ClInclude Include="..\..\include\OrAcceptor.h">
      <Filter>include</Filter>
    </ClInclude>
    <ClInclude Include="..\..\include\Paragraph.h">
      <Filter>include</Filter>
    </ClInclude>
    <ClInclude Include="..\..\include\ParameterAnalyzer.h">
      <Filter>include</Filter>
    </ClInclude>
    <ClInclude Include="..\..\include\ParameterAnalyzerFactory.h">
      <Filter>include</Filter>
    </ClInclude>
    <ClInclude Include="..\..\include\PercentageCalculator.h">
      <Filter>include</Filter>
    </ClInclude>
    <ClInclude Include="..\..\include\PeriodPhraseFactory.h">
      <Filter>include</Filter>
    </ClInclude>
    <ClInclude Include="..\..\include\Phrase.h">
      <Filter>include</Filter>
    </ClInclude>
    <ClInclude Include="..\..\include\PlainLinesTextFormatter.h">
      <Filter>include</Filter>
    </ClInclude>
    <ClInclude Include="..\..\include\PlainTextFormatter.h">
      <Filter>include</Filter>
    </ClInclude>
    <ClInclude Include="..\..\include\PositiveValueAcceptor.h">
      <Filter>include</Filter>
    </ClInclude>
    <ClInclude Include="..\..\include\PostGISDataSource.h">
      <Filter>include</Filter>
    </ClInclude>
    <ClInclude Include="..\..\include\PrecipitationForecast.h">
      <Filter>include</Filter>
    </ClInclude>
    <ClInclude Include="..\..\include\PrecipitationPeriodTools.h">
      <Filter>include</Filter>
    </ClInclude>
    <ClInclude Include="..\..\include\PrecipitationStory.h">
      <Filter>include</Filter>
    </ClInclude>
    <ClInclude Include="..\..\include\PrecipitationStoryTools.h">
      <Filter>include</Filter>
    </ClInclude>
    <ClInclude Include="..\..\include\PressureStory.h">
      <Filter>include</Filter>
    </ClInclude>
    <ClInclude Include="..\..\include\QueryDataIntegrator.h">
      <Filter>include</Filter>
    </ClInclude>
    <ClInclude Include="..\..\include\QueryDataTools.h">
      <Filter>include</Filter>
    </ClInclude>
    <ClInclude Include="..\..\include\RangeAcceptor.h">
      <Filter>include</Filter>
    </ClInclude>
    <ClInclude Include="..\..\include\Real.h">
      <Filter>include</Filter>
    </ClInclude>
    <ClInclude Include="..\..\include\RealRange.h">
      <Filter>include</Filter>
    </ClInclude>
    <ClInclude Include="..\..\include\RegularFunctionAnalyzer.h">
      <Filter>include</Filter>
    </ClInclude>
    <ClInclude Include="..\..\include\RegularMaskSource.h">
      <Filter>include</Filter>
    </ClInclude>
    <ClInclude Include="..\..\include\RegularParameterAnalyzer.h">
      <Filter>include</Filter>
    </ClInclude>
    <ClInclude Include="..\..\include\RelativeHumidityStory.h">
      <Filter>include</Filter>
    </ClInclude>
    <ClInclude Include="..\..\include\RoadStory.h">
      <Filter>include</Filter>
    </ClInclude>
    <ClInclude Include="..\..\include\RoadStoryTools.h">
      <Filter>include</Filter>
    </ClInclude>
    <ClInclude Include="..\..\include\SeasonTools.h">
      <Filter>include</Filter>
    </ClInclude>
    <ClInclude Include="..\..\include\SectionTag.h">
      <Filter>include</Filter>
    </ClInclude>
    <ClInclude Include="..\..\include\Sentence.h">
      <Filter>include</Filter>
    </ClInclude>
    <ClInclude Include="..\..\include\Settings.h">
      <Filter>include</Filter>
    </ClInclude>
    <ClInclude Include="..\..\include\SoneraTextFormatter.h">
      <Filter>include</Filter>
    </ClInclude>
    <ClInclude Include="..\..\include\SouthernMaskSource.h">
      <Filter>include</Filter>
    </ClInclude>
    <ClInclude Include="..\..\include\SpecialStory.h">
      <Filter>include</Filter>
    </ClInclude>
    <ClInclude Include="..\..\include\SpeechTextFormatter.h">
      <Filter>include</Filter>
    </ClInclude>
    <ClInclude Include="..\..\include\StandardDeviationCalculator.h">
      <Filter>include</Filter>
    </ClInclude>
    <ClInclude Include="..\..\include\Story.h">
      <Filter>include</Filter>
    </ClInclude>
    <ClInclude Include="..\..\include\StoryFactory.h">
      <Filter>include</Filter>
    </ClInclude>
    <ClInclude Include="..\..\include\StoryTag.h">
      <Filter>include</Filter>
    </ClInclude>
    <ClInclude Include="..\..\include\SubMaskExtractor.h">
      <Filter>include</Filter>
    </ClInclude>
    <ClInclude Include="..\..\include\SumCalculator.h">
      <Filter>include</Filter>
    </ClInclude>
    <ClInclude Include="..\..\include\TemperatureRange.h">
      <Filter>include</Filter>
    </ClInclude>
    <ClInclude Include="..\..\include\TemperatureStory.h">
      <Filter>include</Filter>
    </ClInclude>
    <ClInclude Include="..\..\include\TemperatureStoryTools.h">
      <Filter>include</Filter>
    </ClInclude>
    <ClInclude Include="..\..\include\TemperatureTools.h">
      <Filter>include</Filter>
    </ClInclude>
    <ClInclude Include="..\..\include\TemplateAcceptor.h">
      <Filter>include</Filter>
    </ClInclude>
    <ClInclude Include="..\..\include\Text.h">
      <Filter>include</Filter>
    </ClInclude>
    <ClInclude Include="..\..\include\TextFormatter.h">
      <Filter>include</Filter>
    </ClInclude>
    <ClInclude Include="..\..\include\TextFormatterFactory.h">
      <Filter>include</Filter>
    </ClInclude>
    <ClInclude Include="..\..\include\TextFormatterTools.h">
      <Filter>include</Filter>
    </ClInclude>
    <ClInclude Include="..\..\include\TextGenerator.h">
      <Filter>include</Filter>
    </ClInclude>
    <ClInclude Include="..\..\include\TextGenError.h">
      <Filter>include</Filter>
    </ClInclude>
    <ClInclude Include="..\..\include\TextGenPosixTime.h">
      <Filter>include</Filter>
    </ClInclude>
    <ClInclude Include="..\..\include\ThunderForecast.h">
      <Filter>include</Filter>
    </ClInclude>
    <ClInclude Include="..\..\include\TimePeriod.h">
      <Filter>include</Filter>
    </ClInclude>
    <ClInclude Include="..\..\include\TimeTools.h">
      <Filter>include</Filter>
    </ClInclude>
    <ClInclude Include="..\..\include\TrendCalculator.h">
      <Filter>include</Filter>
    </ClInclude>
    <ClInclude Include="..\..\include\UnitFactory.h">
      <Filter>include</Filter>
    </ClInclude>
    <ClInclude Include="..\..\include\UserWeatherSource.h">
      <Filter>include</Filter>
    </ClInclude>
    <ClInclude Include="..\..\include\ValueAcceptor.h">
      <Filter>include</Filter>
    </ClInclude>
    <ClInclude Include="..\..\include\WaveStory.h">
      <Filter>include</Filter>
    </ClInclude>
    <ClInclude Include="..\..\include\WeatherAnalyzer.h">
      <Filter>include</Filter>
    </ClInclude>
    <ClInclude Include="..\..\include\WeatherArea.h">
      <Filter>include</Filter>
    </ClInclude>
    <ClInclude Include="..\..\include\WeatherDataType.h">
      <Filter>include</Filter>
    </ClInclude>
    <ClInclude Include="..\..\include\WeatherFact.h">
      <Filter>include</Filter>
    </ClInclude>
    <ClInclude Include="..\..\include\WeatherForecast.h">
      <Filter>include</Filter>
    </ClInclude>
    <ClInclude Include="..\..\include\WeatherForecaster.h">
      <Filter>include</Filter>
    </ClInclude>
    <ClInclude Include="..\..\include\WeatherForecastStory.h">
      <Filter>include</Filter>
    </ClInclude>
    <ClInclude Include="..\..\include\WeatherFunction.h">
      <Filter>include</Filter>
    </ClInclude>
    <ClInclude Include="..\..\include\WeatherHistory.h">
      <Filter>include</Filter>
    </ClInclude>
    <ClInclude Include="..\..\include\WeatherObserver.h">
      <Filter>include</Filter>
    </ClInclude>
    <ClInclude Include="..\..\include\WeatherParameter.h">
      <Filter>include</Filter>
    </ClInclude>
    <ClInclude Include="..\..\include\WeatherPeriod.h">
      <Filter>include</Filter>
    </ClInclude>
    <ClInclude Include="..\..\include\WeatherPeriodFactory.h">
      <Filter>include</Filter>
    </ClInclude>
    <ClInclude Include="..\..\include\WeatherPeriodGenerator.h">
      <Filter>include</Filter>
    </ClInclude>
    <ClInclude Include="..\..\include\WeatherPeriodTools.h">
      <Filter>include</Filter>
    </ClInclude>
    <ClInclude Include="..\..\include\WeatherResult.h">
      <Filter>include</Filter>
    </ClInclude>
    <ClInclude Include="..\..\include\WeatherResultTools.h">
      <Filter>include</Filter>
    </ClInclude>
    <ClInclude Include="..\..\include\WeatherSource.h">
      <Filter>include</Filter>
    </ClInclude>
    <ClInclude Include="..\..\include\WeatherStatistician.h">
      <Filter>include</Filter>
    </ClInclude>
    <ClInclude Include="..\..\include\WeatherStory.h">
      <Filter>include</Filter>
    </ClInclude>
    <ClInclude Include="..\..\include\WeatherTime.h">
      <Filter>include</Filter>
    </ClInclude>
    <ClInclude Include="..\..\include\WeekdayTools.h">
      <Filter>include</Filter>
    </ClInclude>
    <ClInclude Include="..\..\include\WesternMaskSource.h">
      <Filter>include</Filter>
    </ClInclude>
    <ClInclude Include="..\..\include\WindChillFunctionAnalyzer.h">
      <Filter>include</Filter>
    </ClInclude>
    <ClInclude Include="..\..\include\WindChillParameterAnalyzer.h">
      <Filter>include</Filter>
    </ClInclude>
    <ClInclude Include="..\..\include\WindChillQueryInfo.h">
      <Filter>include</Filter>
    </ClInclude>
    <ClInclude Include="..\..\include\WindForecast.h">
      <Filter>include</Filter>
    </ClInclude>
    <ClInclude Include="..\..\include\WindForecastStructs.h">
      <Filter>include</Filter>
    </ClInclude>
    <ClInclude Include="..\..\include\WindStory.h">
      <Filter>include</Filter>
    </ClInclude>
    <ClInclude Include="..\..\include\WindStoryTools.h">
      <Filter>include</Filter>
    </ClInclude>
    <ClInclude Include="..\..\include\WmlTextFormatter.h">
      <Filter>include</Filter>
    </ClInclude>
  </ItemGroup>
  <ItemGroup>
    <ClCompile Include="..\..\source\Acceptor.cpp">
      <Filter>source</Filter>
    </ClCompile>
    <ClCompile Include="..\..\source\AnalysisSources.cpp">
      <Filter>source</Filter>
    </ClCompile>
    <ClCompile Include="..\..\source\AndAcceptor.cpp">
      <Filter>source</Filter>
    </ClCompile>
    <ClCompile Include="..\..\source\AreaTools.cpp">
      <Filter>source</Filter>
    </ClCompile>
    <ClCompile Include="..\..\source\BasicDictionary.cpp">
      <Filter>source</Filter>
    </ClCompile>
    <ClCompile Include="..\..\source\Calculator.cpp">
      <Filter>source</Filter>
    </ClCompile>
    <ClCompile Include="..\..\source\CalculatorFactory.cpp">
      <Filter>source</Filter>
    </ClCompile>
    <ClCompile Include="..\..\source\ChangeCalculator.cpp">
      <Filter>source</Filter>
    </ClCompile>
    <ClCompile Include="..\..\source\ClimatologyTools.cpp">
      <Filter>source</Filter>
    </ClCompile>
    <ClCompile Include="..\..\source\cloudiness_overview.cpp">
      <Filter>source</Filter>
    </ClCompile>
    <ClCompile Include="..\..\source\CloudinessForecast.cpp">
      <Filter>source</Filter>
    </ClCompile>
    <ClCompile Include="..\..\source\CloudinessStory.cpp">
      <Filter>source</Filter>
    </ClCompile>
    <ClCompile Include="..\..\source\CloudinessStoryTools.cpp">
      <Filter>source</Filter>
    </ClCompile>
    <ClCompile Include="..\..\source\CoastMaskSource.cpp">
      <Filter>source</Filter>
    </ClCompile>
    <ClCompile Include="..\..\source\ComparativeAcceptor.cpp">
      <Filter>source</Filter>
    </ClCompile>
    <ClCompile Include="..\..\source\Config.cpp">
      <Filter>source</Filter>
    </ClCompile>
    <ClCompile Include="..\..\source\CountCalculator.cpp">
      <Filter>source</Filter>
    </ClCompile>
    <ClCompile Include="..\..\source\CssTextFormatter.cpp">
      <Filter>source</Filter>
    </ClCompile>
    <ClCompile Include="..\..\source\DebugDictionary.cpp">
      <Filter>source</Filter>
    </ClCompile>
    <ClCompile Include="..\..\source\DebugTextFormatter.cpp">
      <Filter>source</Filter>
    </ClCompile>
    <ClCompile Include="..\..\source\DefaultAcceptor.cpp">
      <Filter>source</Filter>
    </ClCompile>
    <ClCompile Include="..\..\source\Delimiter.cpp">
      <Filter>source</Filter>
    </ClCompile>
    <ClCompile Include="..\..\source\dewpoint_range.cpp">
      <Filter>source</Filter>
    </ClCompile>
    <ClCompile Include="..\..\source\DewPointStory.cpp">
      <Filter>source</Filter>
    </ClCompile>
    <ClCompile Include="..\..\source\Dictionary.cpp">
      <Filter>source</Filter>
    </ClCompile>
    <ClCompile Include="..\..\source\DictionaryFactory.cpp">
      <Filter>source</Filter>
    </ClCompile>
    <ClCompile Include="..\..\source\Document.cpp">
      <Filter>source</Filter>
    </ClCompile>
    <ClCompile Include="..\..\source\EasternMaskSource.cpp">
      <Filter>source</Filter>
    </ClCompile>
    <ClCompile Include="..\..\source\evaporation_day.cpp">
      <Filter>source</Filter>
    </ClCompile>
    <ClCompile Include="..\..\source\FileDictionary.cpp">
      <Filter>source</Filter>
    </ClCompile>
    <ClCompile Include="..\..\source\FireWarnings.cpp">
      <Filter>source</Filter>
    </ClCompile>
    <ClCompile Include="..\..\source\FogForecast.cpp">
      <Filter>source</Filter>
    </ClCompile>
    <ClCompile Include="..\..\source\forestfireindex_twodays.cpp">
      <Filter>source</Filter>
    </ClCompile>
    <ClCompile Include="..\..\source\forestfirewarning_county.cpp">
      <Filter>source</Filter>
    </ClCompile>
    <ClCompile Include="..\..\source\ForestStory.cpp">
      <Filter>source</Filter>
    </ClCompile>
    <ClCompile Include="..\..\source\frost_day.cpp">
      <Filter>source</Filter>
    </ClCompile>
    <ClCompile Include="..\..\source\frost_maximum.cpp">
      <Filter>source</Filter>
    </ClCompile>
    <ClCompile Include="..\..\source\frost_mean.cpp">
      <Filter>source</Filter>
    </ClCompile>
    <ClCompile Include="..\..\source\frost_onenight.cpp">
      <Filter>source</Filter>
    </ClCompile>
    <ClCompile Include="..\..\source\frost_range.cpp">
      <Filter>source</Filter>
    </ClCompile>
    <ClCompile Include="..\..\source\frost_twonights.cpp">
      <Filter>source</Filter>
    </ClCompile>
    <ClCompile Include="..\..\source\FrostStory.cpp">
      <Filter>source</Filter>
    </ClCompile>
    <ClCompile Include="..\..\source\FrostStoryTools.cpp">
      <Filter>source</Filter>
    </ClCompile>
    <ClCompile Include="..\..\source\Glyph.cpp">
      <Filter>source</Filter>
    </ClCompile>
    <ClCompile Include="..\..\source\GlyphContainer.cpp">
      <Filter>source</Filter>
    </ClCompile>
    <ClCompile Include="..\..\source\GridClimatology.cpp">
      <Filter>source</Filter>
    </ClCompile>
    <ClCompile Include="..\..\source\GridForecaster.cpp">
      <Filter>source</Filter>
    </ClCompile>
    <ClCompile Include="..\..\source\Header.cpp">
      <Filter>source</Filter>
    </ClCompile>
    <ClCompile Include="..\..\source\HeaderFactory.cpp">
      <Filter>source</Filter>
    </ClCompile>
    <ClCompile Include="..\..\source\HourPeriodGenerator.cpp">
      <Filter>source</Filter>
    </ClCompile>
    <ClCompile Include="..\..\source\HtmlTextFormatter.cpp">
      <Filter>source</Filter>
    </ClCompile>
    <ClCompile Include="..\..\source\IdGenerator.cpp">
      <Filter>source</Filter>
    </ClCompile>
    <ClCompile Include="..\..\source\InlandMaskSource.cpp">
      <Filter>source</Filter>
    </ClCompile>
    <ClCompile Include="..\..\source\Integer.cpp">
      <Filter>source</Filter>
    </ClCompile>
    <ClCompile Include="..\..\source\IntegerRange.cpp">
      <Filter>source</Filter>
    </ClCompile>
    <ClCompile Include="..\..\source\IntervalPeriodGenerator.cpp">
      <Filter>source</Filter>
    </ClCompile>
    <ClCompile Include="..\..\source\LandMaskSource.cpp">
      <Filter>source</Filter>
    </ClCompile>
    <ClCompile Include="..\..\source\LatestWeatherSource.cpp">
      <Filter>source</Filter>
    </ClCompile>
    <ClCompile Include="..\..\source\ListedPeriodGenerator.cpp">
      <Filter>source</Filter>
    </ClCompile>
    <ClCompile Include="..\..\source\LocationPhrase.cpp">
      <Filter>source</Filter>
    </ClCompile>
    <ClCompile Include="..\..\source\LocationSource.cpp">
      <Filter>source</Filter>
    </ClCompile>
    <ClCompile Include="..\..\source\MaskSource.cpp">
      <Filter>source</Filter>
    </ClCompile>
    <ClCompile Include="..\..\source\MathTools.cpp">
      <Filter>source</Filter>
    </ClCompile>
    <ClCompile Include="..\..\source\MaximumCalculator.cpp">
      <Filter>source</Filter>
    </ClCompile>
    <ClCompile Include="..\..\source\MeanCalculator.cpp">
      <Filter>source</Filter>
    </ClCompile>
    <ClCompile Include="..\..\source\MedianCalculator.cpp">
      <Filter>source</Filter>
    </ClCompile>
    <ClCompile Include="..\..\source\MessageLogger.cpp">
      <Filter>source</Filter>
    </ClCompile>
    <ClCompile Include="..\..\source\MessageLoggerStream.cpp">
      <Filter>source</Filter>
    </ClCompile>
    <ClCompile Include="..\..\source\MinimumCalculator.cpp">
      <Filter>source</Filter>
    </ClCompile>
    <ClCompile Include="..\..\source\ModChangeCalculator.cpp">
      <Filter>source</Filter>
    </ClCompile>
    <ClCompile Include="..\..\source\ModMeanCalculator.cpp">
      <Filter>source</Filter>
    </ClCompile>
    <ClCompile Include="..\..\source\ModStandardDeviationCalculator.cpp">
      <Filter>source</Filter>
    </ClCompile>
    <ClCompile Include="..\..\source\ModTrendCalculator.cpp">
      <Filter>source</Filter>
    </ClCompile>
    <ClCompile Include="..\..\source\ModuloParameterAnalyzer.cpp">
      <Filter>source</Filter>
    </ClCompile>
    <ClCompile Include="..\..\source\MorningAndEveningPeriodGenerator.cpp">
      <Filter>source</Filter>
    </ClCompile>
    <ClCompile Include="..\..\source\MySQLDictionaries.cpp">
      <Filter>source</Filter>
    </ClCompile>
    <ClCompile Include="..\..\source\MySQLDictionary.cpp">
      <Filter>source</Filter>
    </ClCompile>
    <ClCompile Include="..\..\source\NightAndDayPeriodGenerator.cpp">
      <Filter>source</Filter>
    </ClCompile>
    <ClCompile Include="..\..\source\NorthernMaskSource.cpp">
      <Filter>source</Filter>
    </ClCompile>
    <ClCompile Include="..\..\source\NullAcceptor.cpp">
      <Filter>source</Filter>
    </ClCompile>
    <ClCompile Include="..\..\source\NullCalculator.cpp">
      <Filter>source</Filter>
    </ClCompile>
    <ClCompile Include="..\..\source\NullDictionary.cpp">
      <Filter>source</Filter>
    </ClCompile>
    <ClCompile Include="..\..\source\NullMaskSource.cpp">
      <Filter>source</Filter>
    </ClCompile>
    <ClCompile Include="..\..\source\NullPeriodGenerator.cpp">
      <Filter>source</Filter>
    </ClCompile>
    <ClCompile Include="..\..\source\OrAcceptor.cpp">
      <Filter>source</Filter>
    </ClCompile>
    <ClCompile Include="..\..\source\Paragraph.cpp">
      <Filter>source</Filter>
    </ClCompile>
    <ClCompile Include="..\..\source\ParameterAnalyzer.cpp">
      <Filter>source</Filter>
    </ClCompile>
    <ClCompile Include="..\..\source\ParameterAnalyzerFactory.cpp">
      <Filter>source</Filter>
    </ClCompile>
    <ClCompile Include="..\..\source\PercentageCalculator.cpp">
      <Filter>source</Filter>
    </ClCompile>
    <ClCompile Include="..\..\source\PeriodPhraseFactory.cpp">
      <Filter>source</Filter>
    </ClCompile>
    <ClCompile Include="..\..\source\Phrase.cpp">
      <Filter>source</Filter>
    </ClCompile>
    <ClCompile Include="..\..\source\PlainLinesTextFormatter.cpp">
      <Filter>source</Filter>
    </ClCompile>
    <ClCompile Include="..\..\source\PlainTextFormatter.cpp">
      <Filter>source</Filter>
    </ClCompile>
    <ClCompile Include="..\..\source\pop_days.cpp">
      <Filter>source</Filter>
    </ClCompile>
    <ClCompile Include="..\..\source\pop_max.cpp">
      <Filter>source</Filter>
    </ClCompile>
    <ClCompile Include="..\..\source\pop_twodays.cpp">
      <Filter>source</Filter>
    </ClCompile>
    <ClCompile Include="..\..\source\PositiveValueAcceptor.cpp">
      <Filter>source</Filter>
    </ClCompile>
    <ClCompile Include="..\..\source\PostGISDataSource.cpp">
      <Filter>source</Filter>
    </ClCompile>
    <ClCompile Include="..\..\source\precipitation_classification.cpp">
      <Filter>source</Filter>
    </ClCompile>
    <ClCompile Include="..\..\source\precipitation_daily_sums.cpp">
      <Filter>source</Filter>
    </ClCompile>
    <ClCompile Include="..\..\source\precipitation_range.cpp">
      <Filter>source</Filter>
    </ClCompile>
    <ClCompile Include="..\..\source\precipitation_sums.cpp">
      <Filter>source</Filter>
    </ClCompile>
    <ClCompile Include="..\..\source\precipitation_total.cpp">
      <Filter>source</Filter>
    </ClCompile>
    <ClCompile Include="..\..\source\precipitation_total_day.cpp">
      <Filter>source</Filter>
    </ClCompile>
    <ClCompile Include="..\..\source\PrecipitationForecast.cpp">
      <Filter>source</Filter>
    </ClCompile>
    <ClCompile Include="..\..\source\PrecipitationPeriodTools.cpp">
      <Filter>source</Filter>
    </ClCompile>
    <ClCompile Include="..\..\source\PrecipitationStory.cpp">
      <Filter>source</Filter>
    </ClCompile>
    <ClCompile Include="..\..\source\PrecipitationStoryTools.cpp">
      <Filter>source</Filter>
    </ClCompile>
    <ClCompile Include="..\..\source\pressure_mean.cpp">
      <Filter>source</Filter>
    </ClCompile>
    <ClCompile Include="..\..\source\PressureStory.cpp">
      <Filter>source</Filter>
    </ClCompile>
    <ClCompile Include="..\..\source\QueryDataIntegrator.cpp">
      <Filter>source</Filter>
    </ClCompile>
    <ClCompile Include="..\..\source\QueryDataTools.cpp">
      <Filter>source</Filter>
    </ClCompile>
    <ClCompile Include="..\..\source\RangeAcceptor.cpp">
      <Filter>source</Filter>
    </ClCompile>
    <ClCompile Include="..\..\source\Real.cpp">
      <Filter>source</Filter>
    </ClCompile>
    <ClCompile Include="..\..\source\RealRange.cpp">
      <Filter>source</Filter>
    </ClCompile>
    <ClCompile Include="..\..\source\RegularFunctionAnalyzer.cpp">
      <Filter>source</Filter>
    </ClCompile>
    <ClCompile Include="..\..\source\RegularMaskSource.cpp">
      <Filter>source</Filter>
    </ClCompile>
    <ClCompile Include="..\..\source\RegularParameterAnalyzer.cpp">
      <Filter>source</Filter>
    </ClCompile>
    <ClCompile Include="..\..\source\relativehumidity_day.cpp">
      <Filter>source</Filter>
    </ClCompile>
    <ClCompile Include="..\..\source\relativehumidity_lowest.cpp">
      <Filter>source</Filter>
    </ClCompile>
    <ClCompile Include="..\..\source\relativehumidity_range.cpp">
      <Filter>source</Filter>
    </ClCompile>
    <ClCompile Include="..\..\source\RelativeHumidityStory.cpp">
      <Filter>source</Filter>
    </ClCompile>
    <ClCompile Include="..\..\source\roadcondition_overview.cpp">
      <Filter>source</Filter>
    </ClCompile>
    <ClCompile Include="..\..\source\roadcondition_shortview.cpp">
      <Filter>source</Filter>
    </ClCompile>
    <ClCompile Include="..\..\source\RoadStory.cpp">
      <Filter>source</Filter>
    </ClCompile>
    <ClCompile Include="..\..\source\RoadStoryTools.cpp">
      <Filter>source</Filter>
    </ClCompile>
    <ClCompile Include="..\..\source\roadtemperature_daynightranges.cpp">
      <Filter>source</Filter>
    </ClCompile>
    <ClCompile Include="..\..\source\roadtemperature_shortrange.cpp">
      <Filter>source</Filter>
    </ClCompile>
    <ClCompile Include="..\..\source\roadwarning_overview.cpp">
      <Filter>source</Filter>
    </ClCompile>
    <ClCompile Include="..\..\source\roadwarning_shortview.cpp">
      <Filter>source</Filter>
    </ClCompile>
    <ClCompile Include="..\..\source\SeasonTools.cpp">
      <Filter>source</Filter>
    </ClCompile>
    <ClCompile Include="..\..\source\SectionTag.cpp">
      <Filter>source</Filter>
    </ClCompile>
    <ClCompile Include="..\..\source\Sentence.cpp">
      <Filter>source</Filter>
    </ClCompile>
    <ClCompile Include="..\..\source\Settings.cpp">
      <Filter>source</Filter>
    </ClCompile>
    <ClCompile Include="..\..\source\SoneraTextFormatter.cpp">
      <Filter>source</Filter>
    </ClCompile>
    <ClCompile Include="..\..\source\SouthernMaskSource.cpp">
      <Filter>source</Filter>
    </ClCompile>
    <ClCompile Include="..\..\source\special_date.cpp">
      <Filter>source</Filter>
    </ClCompile>
    <ClCompile Include="..\..\source\special_none.cpp">
      <Filter>source</Filter>
    </ClCompile>
    <ClCompile Include="..\..\source\special_text.cpp">
      <Filter>source</Filter>
    </ClCompile>
    <ClCompile Include="..\..\source\SpecialStory.cpp">
      <Filter>source</Filter>
    </ClCompile>
    <ClCompile Include="..\..\source\SpeechTextFormatter.cpp">
      <Filter>source</Filter>
    </ClCompile>
    <ClCompile Include="..\..\source\StandardDeviationCalculator.cpp">
      <Filter>source</Filter>
    </ClCompile>
    <ClCompile Include="..\..\source\Story.cpp">
      <Filter>source</Filter>
    </ClCompile>
    <ClCompile Include="..\..\source\StoryFactory.cpp">
      <Filter>source</Filter>
    </ClCompile>
    <ClCompile Include="..\..\source\StoryTag.cpp">
      <Filter>source</Filter>
    </ClCompile>
    <ClCompile Include="..\..\source\SubMaskExtractor.cpp">
      <Filter>source</Filter>
    </ClCompile>
    <ClCompile Include="..\..\source\SumCalculator.cpp">
      <Filter>source</Filter>
    </ClCompile>
    <ClCompile Include="..\..\source\temperature_anomaly.cpp">
      <Filter>source</Filter>
    </ClCompile>
    <ClCompile Include="..\..\source\temperature_dailymax.cpp">
      <Filter>source</Filter>
    </ClCompile>
    <ClCompile Include="..\..\source\temperature_day.cpp">
      <Filter>source</Filter>
    </ClCompile>
    <ClCompile Include="..\..\source\temperature_max36hours.cpp">
      <Filter>source</Filter>
    </ClCompile>
    <ClCompile Include="..\..\source\temperature_mean.cpp">
      <Filter>source</Filter>
    </ClCompile>
    <ClCompile Include="..\..\source\temperature_meanmax.cpp">
      <Filter>source</Filter>
    </ClCompile>
    <ClCompile Include="..\..\source\temperature_meanmin.cpp">
      <Filter>source</Filter>
    </ClCompile>
    <ClCompile Include="..\..\source\temperature_nightlymin.cpp">
      <Filter>source</Filter>
    </ClCompile>
    <ClCompile Include="..\..\source\temperature_range.cpp">
      <Filter>source</Filter>
    </ClCompile>
    <ClCompile Include="..\..\source\temperature_weekly_averages.cpp">
      <Filter>source</Filter>
    </ClCompile>
    <ClCompile Include="..\..\source\temperature_weekly_minmax.cpp">
      <Filter>source</Filter>
    </ClCompile>
    <ClCompile Include="..\..\source\TemperatureRange.cpp">
      <Filter>source</Filter>
    </ClCompile>
    <ClCompile Include="..\..\source\TemperatureStory.cpp">
      <Filter>source</Filter>
    </ClCompile>
    <ClCompile Include="..\..\source\TemperatureStoryTools.cpp">
      <Filter>source</Filter>
    </ClCompile>
    <ClCompile Include="..\..\source\TemperatureTools.cpp">
      <Filter>source</Filter>
    </ClCompile>
    <ClCompile Include="..\..\source\TemplateAcceptor.cpp">
      <Filter>source</Filter>
    </ClCompile>
    <ClCompile Include="..\..\source\Text.cpp">
      <Filter>source</Filter>
    </ClCompile>
    <ClCompile Include="..\..\source\TextFormatter.cpp">
      <Filter>source</Filter>
    </ClCompile>
    <ClCompile Include="..\..\source\TextFormatterFactory.cpp">
      <Filter>source</Filter>
    </ClCompile>
    <ClCompile Include="..\..\source\TextFormatterTools.cpp">
      <Filter>source</Filter>
    </ClCompile>
    <ClCompile Include="..\..\source\TextGenerator.cpp">
      <Filter>source</Filter>
    </ClCompile>
    <ClCompile Include="..\..\source\TextGenError.cpp">
      <Filter>source</Filter>
    </ClCompile>
    <ClCompile Include="..\..\source\TextGenPosixTime.cpp">
      <Filter>source</Filter>
    </ClCompile>
    <ClCompile Include="..\..\source\ThunderForecast.cpp">
      <Filter>source</Filter>
    </ClCompile>
    <ClCompile Include="..\..\source\TimePeriod.cpp">
      <Filter>source</Filter>
    </ClCompile>
    <ClCompile Include="..\..\source\TimeTools.cpp">
      <Filter>source</Filter>
    </ClCompile>
    <ClCompile Include="..\..\source\TrendCalculator.cpp">
      <Filter>source</Filter>
    </ClCompile>
    <ClCompile Include="..\..\source\UnitFactory.cpp">
      <Filter>source</Filter>
    </ClCompile>
    <ClCompile Include="..\..\source\UserWeatherSource.cpp">
      <Filter>source</Filter>
    </ClCompile>
    <ClCompile Include="..\..\source\ValueAcceptor.cpp">
      <Filter>source</Filter>
    </ClCompile>
    <ClCompile Include="..\..\source\wave_range.cpp">
      <Filter>source</Filter>
    </ClCompile>
    <ClCompile Include="..\..\source\WaveStory.cpp">
      <Filter>source</Filter>
    </ClCompile>
    <ClCompile Include="..\..\source\weather_forecast.cpp">
      <Filter>source</Filter>
    </ClCompile>
    <ClCompile Include="..\..\source\weather_overview.cpp">
      <Filter>source</Filter>
    </ClCompile>
    <ClCompile Include="..\..\source\weather_shortoverview.cpp">
      <Filter>source</Filter>
    </ClCompile>
    <ClCompile Include="..\..\source\weather_thunderprobability.cpp">
      <Filter>source</Filter>
    </ClCompile>
    <ClCompile Include="..\..\source\weather_thunderprobability_simplified.cpp">
      <Filter>source</Filter>
    </ClCompile>
    <ClCompile Include="..\..\source\WeatherAnalyzer.cpp">
      <Filter>source</Filter>
    </ClCompile>
    <ClCompile Include="..\..\source\WeatherArea.cpp">
      <Filter>source</Filter>
    </ClCompile>
    <ClCompile Include="..\..\source\WeatherFact.cpp">
      <Filter>source</Filter>
    </ClCompile>
    <ClCompile Include="..\..\source\WeatherForecast.cpp">
      <Filter>source</Filter>
    </ClCompile>
    <ClCompile Include="..\..\source\WeatherForecaster.cpp">
      <Filter>source</Filter>
    </ClCompile>
    <ClCompile Include="..\..\source\WeatherForecastStory.cpp">
      <Filter>source</Filter>
    </ClCompile>
    <ClCompile Include="..\..\source\WeatherFunction.cpp">
      <Filter>source</Filter>
    </ClCompile>
    <ClCompile Include="..\..\source\WeatherHistory.cpp">
      <Filter>source</Filter>
    </ClCompile>
    <ClCompile Include="..\..\source\WeatherObserver.cpp">
      <Filter>source</Filter>
    </ClCompile>
    <ClCompile Include="..\..\source\WeatherParameter.cpp">
      <Filter>source</Filter>
    </ClCompile>
    <ClCompile Include="..\..\source\WeatherPeriod.cpp">
      <Filter>source</Filter>
    </ClCompile>
    <ClCompile Include="..\..\source\WeatherPeriodFactory.cpp">
      <Filter>source</Filter>
    </ClCompile>
    <ClCompile Include="..\..\source\WeatherPeriodGenerator.cpp">
      <Filter>source</Filter>
    </ClCompile>
    <ClCompile Include="..\..\source\WeatherPeriodTools.cpp">
      <Filter>source</Filter>
    </ClCompile>
    <ClCompile Include="..\..\source\WeatherResult.cpp">
      <Filter>source</Filter>
    </ClCompile>
    <ClCompile Include="..\..\source\WeatherResultTools.cpp">
      <Filter>source</Filter>
    </ClCompile>
    <ClCompile Include="..\..\source\WeatherSource.cpp">
      <Filter>source</Filter>
    </ClCompile>
    <ClCompile Include="..\..\source\WeatherStatistician.cpp">
      <Filter>source</Filter>
    </ClCompile>
    <ClCompile Include="..\..\source\WeatherStory.cpp">
      <Filter>source</Filter>
    </ClCompile>
    <ClCompile Include="..\..\source\WeatherTime.cpp">
      <Filter>source</Filter>
    </ClCompile>
    <ClCompile Include="..\..\source\WeekdayTools.cpp">
      <Filter>source</Filter>
    </ClCompile>
    <ClCompile Include="..\..\source\WesternMaskSource.cpp">
      <Filter>source</Filter>
    </ClCompile>
    <ClCompile Include="..\..\source\wind_anomaly.cpp">
      <Filter>source</Filter>
    </ClCompile>
    <ClCompile Include="..\..\source\wind_daily_ranges.cpp">
      <Filter>source</Filter>
    </ClCompile>
    <ClCompile Include="..\..\source\wind_overview.cpp">
      <Filter>source</Filter>
    </ClCompile>
    <ClCompile Include="..\..\source\wind_range.cpp">
      <Filter>source</Filter>
    </ClCompile>
    <ClCompile Include="..\..\source\wind_simple_overview.cpp">
      <Filter>source</Filter>
    </ClCompile>
    <ClCompile Include="..\..\source\WindChillFunctionAnalyzer.cpp">
      <Filter>source</Filter>
    </ClCompile>
    <ClCompile Include="..\..\source\WindChillParameterAnalyzer.cpp">
      <Filter>source</Filter>
    </ClCompile>
    <ClCompile Include="..\..\source\WindChillQueryInfo.cpp">
      <Filter>source</Filter>
    </ClCompile>
    <ClCompile Include="..\..\source\WindForecast.cpp">
      <Filter>source</Filter>
    </ClCompile>
    <ClCompile Include="..\..\source\WindStory.cpp">
      <Filter>source</Filter>
    </ClCompile>
    <ClCompile Include="..\..\source\WindStoryTools.cpp">
      <Filter>source</Filter>
    </ClCompile>
    <ClCompile Include="..\..\source\WmlTextFormatter.cpp">
      <Filter>source</Filter>
    </ClCompile>
  </ItemGroup>
</Project>